Microsoft Visual Studio Solution File, Format Version 12.00
# Visual Studio 2012
Project("{FAE04EC0-301F-11D3-BF4B-00C04F79EFBC}") = "New Game Project", "New Game Project.csproj", "{F5B6D7A2-5668-4FAF-8847-09EFA06F9365}"
EndProject
Global
	GlobalSection(SolutionConfigurationPlatforms) = preSolution
	Debug|Any CPU = Debug|Any CPU
	ExportDebug|Any CPU = ExportDebug|Any CPU
	ExportRelease|Any CPU = ExportRelease|Any CPU
	EndGlobalSection
	GlobalSection(ProjectConfigurationPlatforms) = postSolution
		{F5B6D7A2-5668-4FAF-8847-09EFA06F9365}.Debug|Any CPU.ActiveCfg = Debug|Any CPU
		{F5B6D7A2-5668-4FAF-8847-09EFA06F9365}.Debug|Any CPU.Build.0 = Debug|Any CPU
		{F5B6D7A2-5668-4FAF-8847-09EFA06F9365}.ExportDebug|Any CPU.ActiveCfg = ExportDebug|Any CPU
		{F5B6D7A2-5668-4FAF-8847-09EFA06F9365}.ExportDebug|Any CPU.Build.0 = ExportDebug|Any CPU
		{F5B6D7A2-5668-4FAF-8847-09EFA06F9365}.ExportRelease|Any CPU.ActiveCfg = ExportRelease|Any CPU
		{F5B6D7A2-5668-4FAF-8847-09EFA06F9365}.ExportRelease|Any CPU.Build.0 = ExportRelease|Any CPU
	EndGlobalSection
EndGlobal
